
Microsoft Visual Studio Solution File, Format Version 12.00
# Visual Studio Version 17
VisualStudioVersion = 17.0.31903.59
MinimumVisualStudioVersion = 10.0.40219.1
Project("{FAE04EC0-301F-11D3-BF4B-00C04F79EFBC}") = "UnitedNations.Fao.Statistics.Fisheries.Asfis", "UnitedNations.Fao.Statistics.Fisheries.Asfis\UnitedNations.Fao.Statistics.Fisheries.Asfis.csproj", "{9340C51C-CC49-48DD-A353-047263DEE4FE}"
EndProject
Project("{FAE04EC0-301F-11D3-BF4B-00C04F79EFBC}") = "UnitedNations.Fao.Statistics.Fisheries.Asfis.Tests", "UnitedNations.Fao.Statistics.Fisheries.Asfis.Tests\UnitedNations.Fao.Statistics.Fisheries.Asfis.Tests.csproj", "{60BD31A4-D861-4113-83F0-E0840E01E001}"
EndProject
Global
	GlobalSection(SolutionConfigurationPlatforms) = preSolution
		Debug|Any CPU = Debug|Any CPU
		Release|Any CPU = Release|Any CPU
	EndGlobalSection
	GlobalSection(SolutionProperties) = preSolution
		HideSolutionNode = FALSE
	EndGlobalSection
	GlobalSection(ProjectConfigurationPlatforms) = postSolution
		{9340C51C-CC49-48DD-A353-047263DEE4FE}.Debug|Any CPU.ActiveCfg = Debug|Any CPU
		{9340C51C-CC49-48DD-A353-047263DEE4FE}.Debug|Any CPU.Build.0 = Debug|Any CPU
		{9340C51C-CC49-48DD-A353-047263DEE4FE}.Release|Any CPU.ActiveCfg = Release|Any CPU
		{9340C51C-CC49-48DD-A353-047263DEE4FE}.Release|Any CPU.Build.0 = Release|Any CPU
		{60BD31A4-D861-4113-83F0-E0840E01E001}.Debug|Any CPU.ActiveCfg = Debug|Any CPU
		{60BD31A4-D861-4113-83F0-E0840E01E001}.Debug|Any CPU.Build.0 = Debug|Any CPU
		{60BD31A4-D861-4113-83F0-E0840E01E001}.Release|Any CPU.ActiveCfg = Release|Any CPU
		{60BD31A4-D861-4113-83F0-E0840E01E001}.Release|Any CPU.Build.0 = Release|Any CPU
	EndGlobalSection
EndGlobal
